# THIS IS AN AUTOGENERATED FILE. DO NOT EDIT THIS FILE DIRECTLY.
# yarn lockfile v1


yaml@^2.0.0:
  version "2.0.1"
  resolved "https://registry.yarnpkg.com/yaml/-/yaml-2.0.1.tgz#71886d6021f3da28169dbefde78d4dd0f8d83650"
  integrity sha512-1NpAYQ3wjzIlMs0mgdBmYzLkFgWBIWrzYVDYfrixhoFNNgJ444/jT2kUT2sicRbJES3oQYRZugjB6Ro8SjKeFg==
