# THIS IS AN AUTOGENERATED FILE. DO NOT EDIT THIS FILE DIRECTLY.
# yarn lockfile v1


yaml@^2.0.0:
  version "2.3.3"
  resolved "https://registry.yarnpkg.com/yaml/-/yaml-2.3.3.tgz#01f6d18ef036446340007db8e016810e5d64aad9"
  integrity sha512-zw0VAJxgeZ6+++/su5AFoqBbZbrEakwu+X0M5HmcwUiBL7AzcuPKjj5we4xfQLp78LkEMpD0cOnUhmgOVy3KdQ==
