# THIS IS AN AUTOGENERATED FILE. DO NOT EDIT THIS FILE DIRECTLY.
# yarn lockfile v1


yaml@^2.0.0:
  version "2.1.0"
  resolved "https://registry.yarnpkg.com/yaml/-/yaml-2.1.0.tgz#96ba62ff4dd990c0eb16bd96c6254a085d288b80"
  integrity sha512-OuAINfTsoJrY5H7CBWnKZhX6nZciXBydrMtTHr1dC4nP40X5jyTIVlogZHxSlVZM8zSgXRfgZGsaHF4+pV+JRw==
